
Microsoft Visual Studio Solution File, Format Version 12.00
Project("{FAE04EC0-301F-11D3-BF4B-00C04F79EFBC}") = "Hypothesist", "Hypothesist\Hypothesist.csproj", "{A4589094-0F23-4688-B652-D4DD7ED723DF}"
EndProject
Project("{FAE04EC0-301F-11D3-BF4B-00C04F79EFBC}") = "Hypothesist.Tests", "Hypothesist.Tests\Hypothesist.Tests.csproj", "{4C1269E7-7F07-4DB9-B9F9-897EA3EC1B73}"
EndProject
Project("{2150E333-8FDC-42A3-9474-1A3956D46DE8}") = "_", "_", "{1C794CD5-CCA8-43BB-AC8A-819E17A04B42}"
ProjectSection(SolutionItems) = preProject
	README.md = README.md
	appveyor.yml = appveyor.yml
	test.runsettings = test.runsettings
EndProjectSection
EndProject
Project("{FAE04EC0-301F-11D3-BF4B-00C04F79EFBC}") = "Hypothesist.MassTransit", "MassTransit\Hypothesist.MassTransit\Hypothesist.MassTransit.csproj", "{FA8F22CA-89B2-48EC-ADF8-5C78358B066B}"
EndProject
Project("{FAE04EC0-301F-11D3-BF4B-00C04F79EFBC}") = "Hypothesist.MassTransit.Tests", "MassTransit\Hypothesist.MassTransit.Tests\Hypothesist.MassTransit.Tests.csproj", "{3F439768-286D-49CF-BEA9-1FC1C8886A75}"
EndProject
Project("{2150E333-8FDC-42A3-9474-1A3956D46DE8}") = "MassTransit", "MassTransit", "{266AFCDA-BB0D-4886-B1AC-CB03AB9F4D64}"
ProjectSection(SolutionItems) = preProject
	MassTransit\README.md = MassTransit\README.md
EndProjectSection
EndProject
Project("{2150E333-8FDC-42A3-9474-1A3956D46DE8}") = "Rebus", "Rebus", "{14EFFA4C-635E-4701-AAAA-908610AF2182}"
EndProject
Project("{FAE04EC0-301F-11D3-BF4B-00C04F79EFBC}") = "Hypothesist.Rebus", "Rebus\Hypothesist.Rebus\Hypothesist.Rebus.csproj", "{9DE22007-A50E-420F-8829-17F686A93E5F}"
EndProject
Project("{FAE04EC0-301F-11D3-BF4B-00C04F79EFBC}") = "Hypothesist.Rebus.Tests", "Rebus\Hypothesist.Rebus.Tests\Hypothesist.Rebus.Tests.csproj", "{8F633B83-F93A-4670-9E5F-18DA8253111D}"
EndProject
Project("{2150E333-8FDC-42A3-9474-1A3956D46DE8}") = "ServiceBus", "ServiceBus", "{E19BE636-E9C1-490B-AD97-948918C340D4}"
EndProject
Project("{FAE04EC0-301F-11D3-BF4B-00C04F79EFBC}") = "Hypothesist.ServiceBus", "ServiceBus\Hypothesist.ServiceBus\Hypothesist.ServiceBus.csproj", "{7B7BDF17-9457-4889-B7DA-37CF6E9B81EA}"
EndProject
Project("{FAE04EC0-301F-11D3-BF4B-00C04F79EFBC}") = "Hypothesist.ServiceBus.IntegrationTests", "ServiceBus\Hypothesist.ServiceBus.IntegrationTests\Hypothesist.ServiceBus.IntegrationTests.csproj", "{720E0FAA-53CC-4E56-87F4-E196FEAC40E8}"
EndProject
Project("{FAE04EC0-301F-11D3-BF4B-00C04F79EFBC}") = "Hypothesist.ServiceBus.Tests", "ServiceBus\Hypothesist.ServiceBus.Tests\Hypothesist.ServiceBus.Tests.csproj", "{FBC0506A-6322-45BB-A9D4-263D4D70AB3F}"
EndProject
Project("{FAE04EC0-301F-11D3-BF4B-00C04F79EFBC}") = "Hypothesist.AspNet", "AspNet\Hypothesist.AspNet\Hypothesist.AspNet.csproj", "{4A077C10-18AF-4CDE-A98F-4784A9F6FD60}"
EndProject
Project("{2150E333-8FDC-42A3-9474-1A3956D46DE8}") = "AspNet", "AspNet", "{9771B04F-708A-4AB5-84B2-B707280C0D43}"
EndProject
Project("{FAE04EC0-301F-11D3-BF4B-00C04F79EFBC}") = "Hypothesist.AspNet.Tests", "AspNet\Hypothesist.AspNet.Tests\Hypothesist.AspNet.Tests.csproj", "{6014F161-FD89-41F4-B0F2-456E8DF371EC}"
EndProject
Global
	GlobalSection(SolutionConfigurationPlatforms) = preSolution
		Debug|Any CPU = Debug|Any CPU
		Release|Any CPU = Release|Any CPU
	EndGlobalSection
	GlobalSection(ProjectConfigurationPlatforms) = postSolution
		{A4589094-0F23-4688-B652-D4DD7ED723DF}.Debug|Any CPU.ActiveCfg = Debug|Any CPU
		{A4589094-0F23-4688-B652-D4DD7ED723DF}.Debug|Any CPU.Build.0 = Debug|Any CPU
		{A4589094-0F23-4688-B652-D4DD7ED723DF}.Release|Any CPU.ActiveCfg = Release|Any CPU
		{A4589094-0F23-4688-B652-D4DD7ED723DF}.Release|Any CPU.Build.0 = Release|Any CPU
		{4C1269E7-7F07-4DB9-B9F9-897EA3EC1B73}.Debug|Any CPU.ActiveCfg = Debug|Any CPU
		{4C1269E7-7F07-4DB9-B9F9-897EA3EC1B73}.Debug|Any CPU.Build.0 = Debug|Any CPU
		{4C1269E7-7F07-4DB9-B9F9-897EA3EC1B73}.Release|Any CPU.ActiveCfg = Release|Any CPU
		{4C1269E7-7F07-4DB9-B9F9-897EA3EC1B73}.Release|Any CPU.Build.0 = Release|Any CPU
		{FA8F22CA-89B2-48EC-ADF8-5C78358B066B}.Debug|Any CPU.ActiveCfg = Debug|Any CPU
		{FA8F22CA-89B2-48EC-ADF8-5C78358B066B}.Debug|Any CPU.Build.0 = Debug|Any CPU
		{FA8F22CA-89B2-48EC-ADF8-5C78358B066B}.Release|Any CPU.ActiveCfg = Release|Any CPU
		{FA8F22CA-89B2-48EC-ADF8-5C78358B066B}.Release|Any CPU.Build.0 = Release|Any CPU
		{3F439768-286D-49CF-BEA9-1FC1C8886A75}.Debug|Any CPU.ActiveCfg = Debug|Any CPU
		{3F439768-286D-49CF-BEA9-1FC1C8886A75}.Debug|Any CPU.Build.0 = Debug|Any CPU
		{3F439768-286D-49CF-BEA9-1FC1C8886A75}.Release|Any CPU.ActiveCfg = Release|Any CPU
		{3F439768-286D-49CF-BEA9-1FC1C8886A75}.Release|Any CPU.Build.0 = Release|Any CPU
		{9DE22007-A50E-420F-8829-17F686A93E5F}.Debug|Any CPU.ActiveCfg = Debug|Any CPU
		{9DE22007-A50E-420F-8829-17F686A93E5F}.Debug|Any CPU.Build.0 = Debug|Any CPU
		{9DE22007-A50E-420F-8829-17F686A93E5F}.Release|Any CPU.ActiveCfg = Release|Any CPU
		{9DE22007-A50E-420F-8829-17F686A93E5F}.Release|Any CPU.Build.0 = Release|Any CPU
		{8F633B83-F93A-4670-9E5F-18DA8253111D}.Debug|Any CPU.ActiveCfg = Debug|Any CPU
		{8F633B83-F93A-4670-9E5F-18DA8253111D}.Debug|Any CPU.Build.0 = Debug|Any CPU
		{8F633B83-F93A-4670-9E5F-18DA8253111D}.Release|Any CPU.ActiveCfg = Release|Any CPU
		{8F633B83-F93A-4670-9E5F-18DA8253111D}.Release|Any CPU.Build.0 = Release|Any CPU
		{7B7BDF17-9457-4889-B7DA-37CF6E9B81EA}.Debug|Any CPU.ActiveCfg = Debug|Any CPU
		{7B7BDF17-9457-4889-B7DA-37CF6E9B81EA}.Debug|Any CPU.Build.0 = Debug|Any CPU
		{7B7BDF17-9457-4889-B7DA-37CF6E9B81EA}.Release|Any CPU.ActiveCfg = Release|Any CPU
		{7B7BDF17-9457-4889-B7DA-37CF6E9B81EA}.Release|Any CPU.Build.0 = Release|Any CPU
		{720E0FAA-53CC-4E56-87F4-E196FEAC40E8}.Debug|Any CPU.ActiveCfg = Debug|Any CPU
		{720E0FAA-53CC-4E56-87F4-E196FEAC40E8}.Debug|Any CPU.Build.0 = Debug|Any CPU
		{720E0FAA-53CC-4E56-87F4-E196FEAC40E8}.Release|Any CPU.ActiveCfg = Release|Any CPU
		{720E0FAA-53CC-4E56-87F4-E196FEAC40E8}.Release|Any CPU.Build.0 = Release|Any CPU
		{FBC0506A-6322-45BB-A9D4-263D4D70AB3F}.Debug|Any CPU.ActiveCfg = Debug|Any CPU
		{FBC0506A-6322-45BB-A9D4-263D4D70AB3F}.Debug|Any CPU.Build.0 = Debug|Any CPU
		{FBC0506A-6322-45BB-A9D4-263D4D70AB3F}.Release|Any CPU.ActiveCfg = Release|Any CPU
		{FBC0506A-6322-45BB-A9D4-263D4D70AB3F}.Release|Any CPU.Build.0 = Release|Any CPU
		{4A077C10-18AF-4CDE-A98F-4784A9F6FD60}.Debug|Any CPU.ActiveCfg = Debug|Any CPU
		{4A077C10-18AF-4CDE-A98F-4784A9F6FD60}.Debug|Any CPU.Build.0 = Debug|Any CPU
		{4A077C10-18AF-4CDE-A98F-4784A9F6FD60}.Release|Any CPU.ActiveCfg = Release|Any CPU
		{4A077C10-18AF-4CDE-A98F-4784A9F6FD60}.Release|Any CPU.Build.0 = Release|Any CPU
		{6014F161-FD89-41F4-B0F2-456E8DF371EC}.Debug|Any CPU.ActiveCfg = Debug|Any CPU
		{6014F161-FD89-41F4-B0F2-456E8DF371EC}.Debug|Any CPU.Build.0 = Debug|Any CPU
		{6014F161-FD89-41F4-B0F2-456E8DF371EC}.Release|Any CPU.ActiveCfg = Release|Any CPU
		{6014F161-FD89-41F4-B0F2-456E8DF371EC}.Release|Any CPU.Build.0 = Release|Any CPU
	EndGlobalSection
	GlobalSection(NestedProjects) = preSolution
		{FA8F22CA-89B2-48EC-ADF8-5C78358B066B} = {266AFCDA-BB0D-4886-B1AC-CB03AB9F4D64}
		{3F439768-286D-49CF-BEA9-1FC1C8886A75} = {266AFCDA-BB0D-4886-B1AC-CB03AB9F4D64}
		{9DE22007-A50E-420F-8829-17F686A93E5F} = {14EFFA4C-635E-4701-AAAA-908610AF2182}
		{8F633B83-F93A-4670-9E5F-18DA8253111D} = {14EFFA4C-635E-4701-AAAA-908610AF2182}
		{7B7BDF17-9457-4889-B7DA-37CF6E9B81EA} = {E19BE636-E9C1-490B-AD97-948918C340D4}
		{720E0FAA-53CC-4E56-87F4-E196FEAC40E8} = {E19BE636-E9C1-490B-AD97-948918C340D4}
		{FBC0506A-6322-45BB-A9D4-263D4D70AB3F} = {E19BE636-E9C1-490B-AD97-948918C340D4}
		{4A077C10-18AF-4CDE-A98F-4784A9F6FD60} = {9771B04F-708A-4AB5-84B2-B707280C0D43}
		{6014F161-FD89-41F4-B0F2-456E8DF371EC} = {9771B04F-708A-4AB5-84B2-B707280C0D43}
	EndGlobalSection
EndGlobal
